// !$*UTF8*$!
{
	archiveVersion = 1;
	classes = {
	};
	objectVersion = 50;
	objects = {

/* Begin PBXBuildFile section */
		0B57378F259DC5C1008F929B /* main.swift in Sources */ = {isa = PBXBuildFile; fileRef = 0B57378E259DC5C1008F929B /* main.swift */; };
		0B573797259DC692008F929B /* FileHandle+TextOutputStream.swift in Sources */ = {isa = PBXBuildFile; fileRef = 0B573796259DC692008F929B /* FileHandle+TextOutputStream.swift */; };
		0B57379A259DC6A2008F929B /* SwiftLox.swift in Sources */ = {isa = PBXBuildFile; fileRef = 0B573799259DC6A2008F929B /* SwiftLox.swift */; };
		0B57379F259DC9DC008F929B /* Token.swift in Sources */ = {isa = PBXBuildFile; fileRef = 0B57379E259DC9DC008F929B /* Token.swift */; };
		0B5737A2259DCFCB008F929B /* Scanner.swift in Sources */ = {isa = PBXBuildFile; fileRef = 0B5737A1259DCFCB008F929B /* Scanner.swift */; };
		0B5737A5259EF589008F929B /* Expr.swift in Sources */ = {isa = PBXBuildFile; fileRef = 0B5737A4259EF589008F929B /* Expr.swift */; };
		0B5737A8259EF635008F929B /* ASTPrinter.swift in Sources */ = {isa = PBXBuildFile; fileRef = 0B5737A7259EF635008F929B /* ASTPrinter.swift */; };
		0B5E3F5825A89FD200CF05D4 /* LoxCallable.swift in Sources */ = {isa = PBXBuildFile; fileRef = 0B5E3F5725A89FD200CF05D4 /* LoxCallable.swift */; };
		0B5E3F5B25A8A43C00CF05D4 /* ClockFunction.swift in Sources */ = {isa = PBXBuildFile; fileRef = 0B5E3F5A25A8A43C00CF05D4 /* ClockFunction.swift */; };
		0B5E3F5E25A8A87500CF05D4 /* LoxFunction.swift in Sources */ = {isa = PBXBuildFile; fileRef = 0B5E3F5D25A8A87500CF05D4 /* LoxFunction.swift */; };
		0B5E3F6125A8B22D00CF05D4 /* Return.swift in Sources */ = {isa = PBXBuildFile; fileRef = 0B5E3F6025A8B22D00CF05D4 /* Return.swift */; };
		0B5E3F6425AC67FE00CF05D4 /* Resolver.swift in Sources */ = {isa = PBXBuildFile; fileRef = 0B5E3F6325AC67FE00CF05D4 /* Resolver.swift */; };
		0B61873825A0547B0008CFB4 /* Parser.swift in Sources */ = {isa = PBXBuildFile; fileRef = 0B61873725A0547B0008CFB4 /* Parser.swift */; };
		0B61873B25A1F8FB0008CFB4 /* Interpreter.swift in Sources */ = {isa = PBXBuildFile; fileRef = 0B61873A25A1F8FB0008CFB4 /* Interpreter.swift */; };
		0B61873E25A210240008CFB4 /* RuntimeError.swift in Sources */ = {isa = PBXBuildFile; fileRef = 0B61873D25A210240008CFB4 /* RuntimeError.swift */; };
		0B61874125A2179B0008CFB4 /* String.swift in Sources */ = {isa = PBXBuildFile; fileRef = 0B61874025A2179B0008CFB4 /* String.swift */; };
		0B61874425A2A2C30008CFB4 /* Stmt.swift in Sources */ = {isa = PBXBuildFile; fileRef = 0B61874325A2A2C30008CFB4 /* Stmt.swift */; };
		0B61917D25A3000C0079A4FB /* Environment.swift in Sources */ = {isa = PBXBuildFile; fileRef = 0B61917C25A3000C0079A4FB /* Environment.swift */; };
/* End PBXBuildFile section */

/* Begin PBXCopyFilesBuildPhase section */
		0B573789259DC5C1008F929B /* CopyFiles */ = {
			isa = PBXCopyFilesBuildPhase;
			buildActionMask = 2147483647;
			dstPath = /usr/share/man/man1/;
			dstSubfolderSpec = 0;
			files = (
			);
			runOnlyForDeploymentPostprocessing = 1;
		};
/* End PBXCopyFilesBuildPhase section */

/* Begin PBXFileReference section */
		0B57378B259DC5C1008F929B /* SwiftLox */ = {isa = PBXFileReference; explicitFileType = "compiled.mach-o.executable"; includeInIndex = 0; path = SwiftLox; sourceTree = BUILT_PRODUCTS_DIR; };
		0B57378E259DC5C1008F929B /* main.swift */ = {isa = PBXFileReference; lastKnownFileType = sourcecode.swift; path = main.swift; sourceTree = "<group>"; };
		0B573796259DC692008F929B /* FileHandle+TextOutputStream.swift */ = {isa = PBXFileReference; lastKnownFileType = sourcecode.swift; path = "FileHandle+TextOutputStream.swift"; sourceTree = "<group>"; };
		0B573799259DC6A2008F929B /* SwiftLox.swift */ = {isa = PBXFileReference; lastKnownFileType = sourcecode.swift; path = SwiftLox.swift; sourceTree = "<group>"; };
		0B57379C259DC768008F929B /* test.lox */ = {isa = PBXFileReference; lastKnownFileType = text; path = test.lox; sourceTree = "<group>"; };
		0B57379E259DC9DC008F929B /* Token.swift */ = {isa = PBXFileReference; lastKnownFileType = sourcecode.swift; path = Token.swift; sourceTree = "<group>"; };
		0B5737A1259DCFCB008F929B /* Scanner.swift */ = {isa = PBXFileReference; lastKnownFileType = sourcecode.swift; path = Scanner.swift; sourceTree = "<group>"; };
		0B5737A4259EF589008F929B /* Expr.swift */ = {isa = PBXFileReference; lastKnownFileType = sourcecode.swift; path = Expr.swift; sourceTree = "<group>"; };
		0B5737A7259EF635008F929B /* ASTPrinter.swift */ = {isa = PBXFileReference; lastKnownFileType = sourcecode.swift; path = ASTPrinter.swift; sourceTree = "<group>"; };
		0B5E3F5725A89FD200CF05D4 /* LoxCallable.swift */ = {isa = PBXFileReference; lastKnownFileType = sourcecode.swift; path = LoxCallable.swift; sourceTree = "<group>"; };
		0B5E3F5A25A8A43C00CF05D4 /* ClockFunction.swift */ = {isa = PBXFileReference; lastKnownFileType = sourcecode.swift; path = ClockFunction.swift; sourceTree = "<group>"; };
		0B5E3F5D25A8A87500CF05D4 /* LoxFunction.swift */ = {isa = PBXFileReference; lastKnownFileType = sourcecode.swift; path = LoxFunction.swift; sourceTree = "<group>"; };
		0B5E3F6025A8B22D00CF05D4 /* Return.swift */ = {isa = PBXFileReference; lastKnownFileType = sourcecode.swift; path = Return.swift; sourceTree = "<group>"; };
		0B5E3F6325AC67FE00CF05D4 /* Resolver.swift */ = {isa = PBXFileReference; lastKnownFileType = sourcecode.swift; path = Resolver.swift; sourceTree = "<group>"; };
		0B61873725A0547B0008CFB4 /* Parser.swift */ = {isa = PBXFileReference; lastKnownFileType = sourcecode.swift; path = Parser.swift; sourceTree = "<group>"; };
		0B61873A25A1F8FB0008CFB4 /* Interpreter.swift */ = {isa = PBXFileReference; lastKnownFileType = sourcecode.swift; path = Interpreter.swift; sourceTree = "<group>"; };
		0B61873D25A210240008CFB4 /* RuntimeError.swift */ = {isa = PBXFileReference; lastKnownFileType = sourcecode.swift; path = RuntimeError.swift; sourceTree = "<group>"; };
		0B61874025A2179B0008CFB4 /* String.swift */ = {isa = PBXFileReference; lastKnownFileType = sourcecode.swift; path = String.swift; sourceTree = "<group>"; };
		0B61874325A2A2C30008CFB4 /* Stmt.swift */ = {isa = PBXFileReference; lastKnownFileType = sourcecode.swift; path = Stmt.swift; sourceTree = "<group>"; };
		0B61917C25A3000C0079A4FB /* Environment.swift */ = {isa = PBXFileReference; lastKnownFileType = sourcecode.swift; path = Environment.swift; sourceTree = "<group>"; };
/* End PBXFileReference section */

/* Begin PBXFrameworksBuildPhase section */
		0B573788259DC5C1008F929B /* Frameworks */ = {
			isa = PBXFrameworksBuildPhase;
			buildActionMask = 2147483647;
			files = (
			);
			runOnlyForDeploymentPostprocessing = 0;
		};
/* End PBXFrameworksBuildPhase section */

/* Begin PBXGroup section */
		0B573782259DC5C1008F929B = {
			isa = PBXGroup;
			children = (
				0B57378D259DC5C1008F929B /* SwiftLox */,
				0B57378C259DC5C1008F929B /* Products */,
			);
			sourceTree = "<group>";
		};
		0B57378C259DC5C1008F929B /* Products */ = {
			isa = PBXGroup;
			children = (
				0B57378B259DC5C1008F929B /* SwiftLox */,
			);
			name = Products;
			sourceTree = "<group>";
		};
		0B57378D259DC5C1008F929B /* SwiftLox */ = {
			isa = PBXGroup;
			children = (
				0B57378E259DC5C1008F929B /* main.swift */,
				0B57379C259DC768008F929B /* test.lox */,
				0B573799259DC6A2008F929B /* SwiftLox.swift */,
				0B5737A1259DCFCB008F929B /* Scanner.swift */,
				0B5737A4259EF589008F929B /* Expr.swift */,
				0B61874325A2A2C30008CFB4 /* Stmt.swift */,
				0B5737A7259EF635008F929B /* ASTPrinter.swift */,
				0B61873A25A1F8FB0008CFB4 /* Interpreter.swift */,
				0B5E3F6325AC67FE00CF05D4 /* Resolver.swift */,
				0B5E3F6025A8B22D00CF05D4 /* Return.swift */,
				0B5E3F5A25A8A43C00CF05D4 /* ClockFunction.swift */,
				0B5E3F5725A89FD200CF05D4 /* LoxCallable.swift */,
				0B61874025A2179B0008CFB4 /* String.swift */,
				0B61873D25A210240008CFB4 /* RuntimeError.swift */,
				0B61873725A0547B0008CFB4 /* Parser.swift */,
				0B5E3F5D25A8A87500CF05D4 /* LoxFunction.swift */,
				0B61917C25A3000C0079A4FB /* Environment.swift */,
				0B57379E259DC9DC008F929B /* Token.swift */,
				0B573796259DC692008F929B /* FileHandle+TextOutputStream.swift */,
			);
			path = SwiftLox;
			sourceTree = "<group>";
		};
/* End PBXGroup section */

/* Begin PBXNativeTarget section */
		0B57378A259DC5C1008F929B /* SwiftLox */ = {
			isa = PBXNativeTarget;
			buildConfigurationList = 0B573792259DC5C1008F929B /* Build configuration list for PBXNativeTarget "SwiftLox" */;
			buildPhases = (
				0B573787259DC5C1008F929B /* Sources */,
				0B573788259DC5C1008F929B /* Frameworks */,
				0B573789259DC5C1008F929B /* CopyFiles */,
			);
			buildRules = (
			);
			dependencies = (
			);
			name = SwiftLox;
			productName = SwiftLox;
			productReference = 0B57378B259DC5C1008F929B /* SwiftLox */;
			productType = "com.apple.product-type.tool";
		};
/* End PBXNativeTarget section */

/* Begin PBXProject section */
		0B573783259DC5C1008F929B /* Project object */ = {
			isa = PBXProject;
			attributes = {
				LastSwiftUpdateCheck = 1230;
				LastUpgradeCheck = 1230;
				TargetAttributes = {
					0B57378A259DC5C1008F929B = {
						CreatedOnToolsVersion = 12.3;
					};
				};
			};
			buildConfigurationList = 0B573786259DC5C1008F929B /* Build configuration list for PBXProject "SwiftLox" */;
			compatibilityVersion = "Xcode 9.3";
			developmentRegion = en;
			hasScannedForEncodings = 0;
			knownRegions = (
				en,
				Base,
			);
			mainGroup = 0B573782259DC5C1008F929B;
			productRefGroup = 0B57378C259DC5C1008F929B /* Products */;
			projectDirPath = "";
			projectRoot = "";
			targets = (
				0B57378A259DC5C1008F929B /* SwiftLox */,
			);
		};
/* End PBXProject section */

/* Begin PBXSourcesBuildPhase section */
		0B573787259DC5C1008F929B /* Sources */ = {
			isa = PBXSourcesBuildPhase;
			buildActionMask = 2147483647;
			files = (
				0B61873B25A1F8FB0008CFB4 /* Interpreter.swift in Sources */,
				0B61874125A2179B0008CFB4 /* String.swift in Sources */,
				0B57379A259DC6A2008F929B /* SwiftLox.swift in Sources */,
				0B5E3F6425AC67FE00CF05D4 /* Resolver.swift in Sources */,
				0B57378F259DC5C1008F929B /* main.swift in Sources */,
				0B573797259DC692008F929B /* FileHandle+TextOutputStream.swift in Sources */,
				0B5E3F5E25A8A87500CF05D4 /* LoxFunction.swift in Sources */,
				0B61874425A2A2C30008CFB4 /* Stmt.swift in Sources */,
				0B5E3F6125A8B22D00CF05D4 /* Return.swift in Sources */,
				0B5737A8259EF635008F929B /* ASTPrinter.swift in Sources */,
				0B61873825A0547B0008CFB4 /* Parser.swift in Sources */,
				0B5E3F5B25A8A43C00CF05D4 /* ClockFunction.swift in Sources */,
				0B61917D25A3000C0079A4FB /* Environment.swift in Sources */,
				0B5737A2259DCFCB008F929B /* Scanner.swift in Sources */,
				0B5737A5259EF589008F929B /* Expr.swift in Sources */,
				0B5E3F5825A89FD200CF05D4 /* LoxCallable.swift in Sources */,
				0B57379F259DC9DC008F929B /* Token.swift in Sources */,
				0B61873E25A210240008CFB4 /* RuntimeError.swift in Sources */,
			);
			runOnlyForDeploymentPostprocessing = 0;
		};
/* End PBXSourcesBuildPhase section */

/* Begin XCBuildConfiguration section */
		0B573790259DC5C1008F929B /* Debug */ = {
			isa = XCBuildConfiguration;
			buildSettings = {
				ALWAYS_SEARCH_USER_PATHS = NO;
				CLANG_ANALYZER_NONNULL = YES;
				CLANG_ANALYZER_NUMBER_OBJECT_CONVERSION = YES_AGGRESSIVE;
				CLANG_CXX_LANGUAGE_STANDARD = "gnu++14";
				CLANG_CXX_LIBRARY = "libc++";
				CLANG_ENABLE_MODULES = YES;
				CLANG_ENABLE_OBJC_ARC = YES;
				CLANG_ENABLE_OBJC_WEAK = YES;
				CLANG_WARN_BLOCK_CAPTURE_AUTORELEASING = YES;
				CLANG_WARN_BOOL_CONVERSION = YES;
				CLANG_WARN_COMMA = YES;
				CLANG_WARN_CONSTANT_CONVERSION = YES;
				CLANG_WARN_DEPRECATED_OBJC_IMPLEMENTATIONS = YES;
				CLANG_WARN_DIRECT_OBJC_ISA_USAGE = YES_ERROR;
				CLANG_WARN_DOCUMENTATION_COMMENTS = YES;
				CLANG_WARN_EMPTY_BODY = YES;
				CLANG_WARN_ENUM_CONVERSION = YES;
				CLANG_WARN_INFINITE_RECURSION = YES;
				CLANG_WARN_INT_CONVERSION = YES;
				CLANG_WARN_NON_LITERAL_NULL_CONVERSION = YES;
				CLANG_WARN_OBJC_IMPLICIT_RETAIN_SELF = YES;
				CLANG_WARN_OBJC_LITERAL_CONVERSION = YES;
				CLANG_WARN_OBJC_ROOT_CLASS = YES_ERROR;
				CLANG_WARN_QUOTED_INCLUDE_IN_FRAMEWORK_HEADER = YES;
				CLANG_WARN_RANGE_LOOP_ANALYSIS = YES;
				CLANG_WARN_STRICT_PROTOTYPES = YES;
				CLANG_WARN_SUSPICIOUS_MOVE = YES;
				CLANG_WARN_UNGUARDED_AVAILABILITY = YES_AGGRESSIVE;
				CLANG_WARN_UNREACHABLE_CODE = YES;
				CLANG_WARN__DUPLICATE_METHOD_MATCH = YES;
				COPY_PHASE_STRIP = NO;
				DEBUG_INFORMATION_FORMAT = dwarf;
				ENABLE_STRICT_OBJC_MSGSEND = YES;
				ENABLE_TESTABILITY = YES;
				GCC_C_LANGUAGE_STANDARD = gnu11;
				GCC_DYNAMIC_NO_PIC = NO;
				GCC_NO_COMMON_BLOCKS = YES;
				GCC_OPTIMIZATION_LEVEL = 0;
				GCC_PREPROCESSOR_DEFINITIONS = (
					"DEBUG=1",
					"$(inherited)",
				);
				GCC_WARN_64_TO_32_BIT_CONVERSION = YES;
				GCC_WARN_ABOUT_RETURN_TYPE = YES_ERROR;
				GCC_WARN_UNDECLARED_SELECTOR = YES;
				GCC_WARN_UNINITIALIZED_AUTOS = YES_AGGRESSIVE;
				GCC_WARN_UNUSED_FUNCTION = YES;
				GCC_WARN_UNUSED_VARIABLE = YES;
				MACOSX_DEPLOYMENT_TARGET = 10.15;
				MTL_ENABLE_DEBUG_INFO = INCLUDE_SOURCE;
				MTL_FAST_MATH = YES;
				ONLY_ACTIVE_ARCH = YES;
				SDKROOT = macosx;
				SWIFT_ACTIVE_COMPILATION_CONDITIONS = DEBUG;
				SWIFT_OPTIMIZATION_LEVEL = "-Onone";
			};
			name = Debug;
		};
		0B573791259DC5C1008F929B /* Release */ = {
			isa = XCBuildConfiguration;
			buildSettings = {
				ALWAYS_SEARCH_USER_PATHS = NO;
				CLANG_ANALYZER_NONNULL = YES;
				CLANG_ANALYZER_NUMBER_OBJECT_CONVERSION = YES_AGGRESSIVE;
				CLANG_CXX_LANGUAGE_STANDARD = "gnu++14";
				CLANG_CXX_LIBRARY = "libc++";
				CLANG_ENABLE_MODULES = YES;
				CLANG_ENABLE_OBJC_ARC = YES;
				CLANG_ENABLE_OBJC_WEAK = YES;
				CLANG_WARN_BLOCK_CAPTURE_AUTORELEASING = YES;
				CLANG_WARN_BOOL_CONVERSION = YES;
				CLANG_WARN_COMMA = YES;
				CLANG_WARN_CONSTANT_CONVERSION = YES;
				CLANG_WARN_DEPRECATED_OBJC_IMPLEMENTATIONS = YES;
				CLANG_WARN_DIRECT_OBJC_ISA_USAGE = YES_ERROR;
				CLANG_WARN_DOCUMENTATION_COMMENTS = YES;
				CLANG_WARN_EMPTY_BODY = YES;
				CLANG_WARN_ENUM_CONVERSION = YES;
				CLANG_WARN_INFINITE_RECURSION = YES;
				CLANG_WARN_INT_CONVERSION = YES;
				CLANG_WARN_NON_LITERAL_NULL_CONVERSION = YES;
				CLANG_WARN_OBJC_IMPLICIT_RETAIN_SELF = YES;
				CLANG_WARN_OBJC_LITERAL_CONVERSION = YES;
				CLANG_WARN_OBJC_ROOT_CLASS = YES_ERROR;
				CLANG_WARN_QUOTED_INCLUDE_IN_FRAMEWORK_HEADER = YES;
				CLANG_WARN_RANGE_LOOP_ANALYSIS = YES;
				CLANG_WARN_STRICT_PROTOTYPES = YES;
				CLANG_WARN_SUSPICIOUS_MOVE = YES;
				CLANG_WARN_UNGUARDED_AVAILABILITY = YES_AGGRESSIVE;
				CLANG_WARN_UNREACHABLE_CODE = YES;
				CLANG_WARN__DUPLICATE_METHOD_MATCH = YES;
				COPY_PHASE_STRIP = NO;
				DEBUG_INFORMATION_FORMAT = "dwarf-with-dsym";
				ENABLE_NS_ASSERTIONS = NO;
				ENABLE_STRICT_OBJC_MSGSEND = YES;
				GCC_C_LANGUAGE_STANDARD = gnu11;
				GCC_NO_COMMON_BLOCKS = YES;
				GCC_WARN_64_TO_32_BIT_CONVERSION = YES;
				GCC_WARN_ABOUT_RETURN_TYPE = YES_ERROR;
				GCC_WARN_UNDECLARED_SELECTOR = YES;
				GCC_WARN_UNINITIALIZED_AUTOS = YES_AGGRESSIVE;
				GCC_WARN_UNUSED_FUNCTION = YES;
				GCC_WARN_UNUSED_VARIABLE = YES;
				MACOSX_DEPLOYMENT_TARGET = 10.15;
				MTL_ENABLE_DEBUG_INFO = NO;
				MTL_FAST_MATH = YES;
				SDKROOT = macosx;
				SWIFT_COMPILATION_MODE = wholemodule;
				SWIFT_OPTIMIZATION_LEVEL = "-O";
			};
			name = Release;
		};
		0B573793259DC5C1008F929B /* Debug */ = {
			isa = XCBuildConfiguration;
			buildSettings = {
				CODE_SIGN_STYLE = Automatic;
				PRODUCT_NAME = "$(TARGET_NAME)";
				SWIFT_VERSION = 5.0;
			};
			name = Debug;
		};
		0B573794259DC5C1008F929B /* Release */ = {
			isa = XCBuildConfiguration;
			buildSettings = {
				CODE_SIGN_STYLE = Automatic;
				PRODUCT_NAME = "$(TARGET_NAME)";
				SWIFT_VERSION = 5.0;
			};
			name = Release;
		};
/* End XCBuildConfiguration section */

/* Begin XCConfigurationList section */
		0B573786259DC5C1008F929B /* Build configuration list for PBXProject "SwiftLox" */ = {
			isa = XCConfigurationList;
			buildConfigurations = (
				0B573790259DC5C1008F929B /* Debug */,
				0B573791259DC5C1008F929B /* Release */,
			);
			defaultConfigurationIsVisible = 0;
			defaultConfigurationName = Release;
		};
		0B573792259DC5C1008F929B /* Build configuration list for PBXNativeTarget "SwiftLox" */ = {
			isa = XCConfigurationList;
			buildConfigurations = (
				0B573793259DC5C1008F929B /* Debug */,
				0B573794259DC5C1008F929B /* Release */,
			);
			defaultConfigurationIsVisible = 0;
			defaultConfigurationName = Release;
		};
/* End XCConfigurationList section */
	};
	rootObject = 0B573783259DC5C1008F929B /* Project object */;
}
